
Microsoft Visual Studio Solution File, Format Version 12.00
# Visual Studio 15
VisualStudioVersion = 15.0.26124.0
MinimumVisualStudioVersion = 15.0.26124.0
Project("{2150E333-8FDC-42A3-9474-1A3956D46DE8}") = "root", "root", "{C333AE7E-2DEB-49C0-9BB8-B3671A1FCF05}"
	ProjectSection(SolutionItems) = preProject
		.editorconfig = .editorconfig
		.gitignore = .gitignore
		global.json = global.json
		README.md = README.md
	EndProjectSection
EndProject
Project("{2150E333-8FDC-42A3-9474-1A3956D46DE8}") = "src", "src", "{5F237D35-7210-4ED2-A33F-2F2B1B816D4B}"
EndProject
Project("{2150E333-8FDC-42A3-9474-1A3956D46DE8}") = "test", "test", "{893DD8D0-F0F1-4647-B508-4E93461B7ECF}"
EndProject
Project("{2150E333-8FDC-42A3-9474-1A3956D46DE8}") = "Presentation", "Presentation", "{E491E503-6454-4ECD-BC2C-EB485FF4053C}"
EndProject
Project("{2150E333-8FDC-42A3-9474-1A3956D46DE8}") = "Infrastructure", "Infrastructure", "{7B74C6DA-ADB0-4C13-ADDC-FC1B075BA3B9}"
EndProject
Project("{2150E333-8FDC-42A3-9474-1A3956D46DE8}") = "Common", "Common", "{3DA4D692-D0BA-4729-BBC8-813924C1612B}"
EndProject
Project("{2150E333-8FDC-42A3-9474-1A3956D46DE8}") = "Core", "Core", "{37BE498A-CAFF-43F3-83CF-BA6B55A63862}"
EndProject
Project("{9A19103F-16F7-4668-BE54-9A1E7A4F7556}") = "AspNetBase.Presentation.Server", "src\Presentation\AspNetBase.Presentation.Server\AspNetBase.Presentation.Server.csproj", "{DEC1D5F2-DF8D-48DE-A283-2AD569A1564B}"
EndProject
Project("{9A19103F-16F7-4668-BE54-9A1E7A4F7556}") = "AspNetBase.Infrastructure.DataAccess", "src\Infrastructure\AspNetBase.Infrastructure.DataAccess\AspNetBase.Infrastructure.DataAccess.csproj", "{3EF4D098-087A-4792-96EA-872E81FD3CE6}"
EndProject
Project("{9A19103F-16F7-4668-BE54-9A1E7A4F7556}") = "AspNetBase.Core.Composition", "src\Core\AspNetBase.Core.Composition\AspNetBase.Core.Composition.csproj", "{7362269A-0697-42C8-8459-6800457756B9}"
EndProject
Project("{9A19103F-16F7-4668-BE54-9A1E7A4F7556}") = "AspNetBase.Core.Contracts", "src\Core\AspNetBase.Core.Contracts\AspNetBase.Core.Contracts.csproj", "{C1721AFE-FCD1-4ED9-A225-86267650EF29}"
EndProject
Project("{9A19103F-16F7-4668-BE54-9A1E7A4F7556}") = "AspNetBase.Core.Models", "src\Core\AspNetBase.Core.Models\AspNetBase.Core.Models.csproj", "{A8A6250F-2E3E-41C2-B72B-A33D9610F2B5}"
EndProject
Project("{9A19103F-16F7-4668-BE54-9A1E7A4F7556}") = "AspNetBase.Core.Providers", "src\Core\AspNetBase.Core.Providers\AspNetBase.Core.Providers.csproj", "{82BC2350-7212-4803-99E5-C4FFBE0B74B8}"
EndProject
Project("{FAE04EC0-301F-11D3-BF4B-00C04F79EFBC}") = "AspNetBase.Common.Utils", "src\Common\AspNetBase.Common.Utils\AspNetBase.Common.Utils.csproj", "{9E17540B-EA31-48CD-A94F-938F1DFBF212}"
EndProject
Global
	GlobalSection(SolutionConfigurationPlatforms) = preSolution
		Debug|Any CPU = Debug|Any CPU
		Release|Any CPU = Release|Any CPU
	EndGlobalSection
	GlobalSection(ProjectConfigurationPlatforms) = postSolution
		{DEC1D5F2-DF8D-48DE-A283-2AD569A1564B}.Debug|Any CPU.ActiveCfg = Debug|Any CPU
		{DEC1D5F2-DF8D-48DE-A283-2AD569A1564B}.Debug|Any CPU.Build.0 = Debug|Any CPU
		{DEC1D5F2-DF8D-48DE-A283-2AD569A1564B}.Release|Any CPU.ActiveCfg = Release|Any CPU
		{DEC1D5F2-DF8D-48DE-A283-2AD569A1564B}.Release|Any CPU.Build.0 = Release|Any CPU
		{3EF4D098-087A-4792-96EA-872E81FD3CE6}.Debug|Any CPU.ActiveCfg = Debug|Any CPU
		{3EF4D098-087A-4792-96EA-872E81FD3CE6}.Debug|Any CPU.Build.0 = Debug|Any CPU
		{3EF4D098-087A-4792-96EA-872E81FD3CE6}.Release|Any CPU.ActiveCfg = Release|Any CPU
		{3EF4D098-087A-4792-96EA-872E81FD3CE6}.Release|Any CPU.Build.0 = Release|Any CPU
		{7362269A-0697-42C8-8459-6800457756B9}.Debug|Any CPU.ActiveCfg = Debug|Any CPU
		{7362269A-0697-42C8-8459-6800457756B9}.Debug|Any CPU.Build.0 = Debug|Any CPU
		{7362269A-0697-42C8-8459-6800457756B9}.Release|Any CPU.ActiveCfg = Release|Any CPU
		{7362269A-0697-42C8-8459-6800457756B9}.Release|Any CPU.Build.0 = Release|Any CPU
		{C1721AFE-FCD1-4ED9-A225-86267650EF29}.Debug|Any CPU.ActiveCfg = Debug|Any CPU
		{C1721AFE-FCD1-4ED9-A225-86267650EF29}.Debug|Any CPU.Build.0 = Debug|Any CPU
		{C1721AFE-FCD1-4ED9-A225-86267650EF29}.Release|Any CPU.ActiveCfg = Release|Any CPU
		{C1721AFE-FCD1-4ED9-A225-86267650EF29}.Release|Any CPU.Build.0 = Release|Any CPU
		{A8A6250F-2E3E-41C2-B72B-A33D9610F2B5}.Debug|Any CPU.ActiveCfg = Debug|Any CPU
		{A8A6250F-2E3E-41C2-B72B-A33D9610F2B5}.Debug|Any CPU.Build.0 = Debug|Any CPU
		{A8A6250F-2E3E-41C2-B72B-A33D9610F2B5}.Release|Any CPU.ActiveCfg = Release|Any CPU
		{A8A6250F-2E3E-41C2-B72B-A33D9610F2B5}.Release|Any CPU.Build.0 = Release|Any CPU
		{82BC2350-7212-4803-99E5-C4FFBE0B74B8}.Debug|Any CPU.ActiveCfg = Debug|Any CPU
		{82BC2350-7212-4803-99E5-C4FFBE0B74B8}.Debug|Any CPU.Build.0 = Debug|Any CPU
		{82BC2350-7212-4803-99E5-C4FFBE0B74B8}.Release|Any CPU.ActiveCfg = Release|Any CPU
		{82BC2350-7212-4803-99E5-C4FFBE0B74B8}.Release|Any CPU.Build.0 = Release|Any CPU
		{9E17540B-EA31-48CD-A94F-938F1DFBF212}.Debug|Any CPU.ActiveCfg = Debug|Any CPU
		{9E17540B-EA31-48CD-A94F-938F1DFBF212}.Debug|Any CPU.Build.0 = Debug|Any CPU
		{9E17540B-EA31-48CD-A94F-938F1DFBF212}.Release|Any CPU.ActiveCfg = Release|Any CPU
		{9E17540B-EA31-48CD-A94F-938F1DFBF212}.Release|Any CPU.Build.0 = Release|Any CPU
	EndGlobalSection
	GlobalSection(SolutionProperties) = preSolution
		HideSolutionNode = FALSE
	EndGlobalSection
	GlobalSection(NestedProjects) = preSolution
		{E491E503-6454-4ECD-BC2C-EB485FF4053C} = {5F237D35-7210-4ED2-A33F-2F2B1B816D4B}
		{7B74C6DA-ADB0-4C13-ADDC-FC1B075BA3B9} = {5F237D35-7210-4ED2-A33F-2F2B1B816D4B}
		{3DA4D692-D0BA-4729-BBC8-813924C1612B} = {5F237D35-7210-4ED2-A33F-2F2B1B816D4B}
		{37BE498A-CAFF-43F3-83CF-BA6B55A63862} = {5F237D35-7210-4ED2-A33F-2F2B1B816D4B}
		{DEC1D5F2-DF8D-48DE-A283-2AD569A1564B} = {E491E503-6454-4ECD-BC2C-EB485FF4053C}
		{3EF4D098-087A-4792-96EA-872E81FD3CE6} = {7B74C6DA-ADB0-4C13-ADDC-FC1B075BA3B9}
		{7362269A-0697-42C8-8459-6800457756B9} = {37BE498A-CAFF-43F3-83CF-BA6B55A63862}
		{C1721AFE-FCD1-4ED9-A225-86267650EF29} = {37BE498A-CAFF-43F3-83CF-BA6B55A63862}
		{A8A6250F-2E3E-41C2-B72B-A33D9610F2B5} = {37BE498A-CAFF-43F3-83CF-BA6B55A63862}
		{82BC2350-7212-4803-99E5-C4FFBE0B74B8} = {37BE498A-CAFF-43F3-83CF-BA6B55A63862}
		{9E17540B-EA31-48CD-A94F-938F1DFBF212} = {3DA4D692-D0BA-4729-BBC8-813924C1612B}
	EndGlobalSection
	GlobalSection(ExtensibilityGlobals) = postSolution
		SolutionGuid = {CD2FF80B-1C0E-45AB-A189-F624046D6CBF}
	EndGlobalSection
EndGlobal
